// !$*UTF8*$!
{
	archiveVersion = 1;
	classes = {
	};
	objectVersion = 56;
	objects = {

/* Begin PBXBuildFile section */
		B700DC022B0D67F80094DDF3 /* EnduroApp.swift in Sources */ = {isa = PBXBuildFile; fileRef = B700DC012B0D67F80094DDF3 /* EnduroApp.swift */; };
		B700DC042B0D67F80094DDF3 /* WelcomeView.swift in Sources */ = {isa = PBXBuildFile; fileRef = B700DC032B0D67F80094DDF3 /* WelcomeView.swift */; };
		B700DC062B0D67F90094DDF3 /* Assets.xcassets in Resources */ = {isa = PBXBuildFile; fileRef = B700DC052B0D67F90094DDF3 /* Assets.xcassets */; };
		B700DC092B0D67F90094DDF3 /* Preview Assets.xcassets in Resources */ = {isa = PBXBuildFile; fileRef = B700DC082B0D67F90094DDF3 /* Preview Assets.xcassets */; };
		B700DC0B2B0D67F90094DDF3 /* Persistence.swift in Sources */ = {isa = PBXBuildFile; fileRef = B700DC0A2B0D67F90094DDF3 /* Persistence.swift */; };
		B700DC0E2B0D67F90094DDF3 /* Enduro.xcdatamodeld in Sources */ = {isa = PBXBuildFile; fileRef = B700DC0C2B0D67F90094DDF3 /* Enduro.xcdatamodeld */; };
		B700DC152B0EFBD50094DDF3 /* UserPreference.swift in Sources */ = {isa = PBXBuildFile; fileRef = B700DC142B0EFBD50094DDF3 /* UserPreference.swift */; };
		B700DC172B0EFC0F0094DDF3 /* UserDefaults.swift in Sources */ = {isa = PBXBuildFile; fileRef = B700DC162B0EFC0F0094DDF3 /* UserDefaults.swift */; };
		B700DC192B0EFCA70094DDF3 /* HomeView.swift in Sources */ = {isa = PBXBuildFile; fileRef = B700DC182B0EFCA70094DDF3 /* HomeView.swift */; };
		B700DC1F2B0F1DED0094DDF3 /* GoalOptionButton.swift in Sources */ = {isa = PBXBuildFile; fileRef = B700DC1E2B0F1DED0094DDF3 /* GoalOptionButton.swift */; };
		B700DC212B0F1ED20094DDF3 /* GoalSettingView.swift in Sources */ = {isa = PBXBuildFile; fileRef = B700DC202B0F1ED20094DDF3 /* GoalSettingView.swift */; };
		B700DC232B10F4A90094DDF3 /* DurationPicker.swift in Sources */ = {isa = PBXBuildFile; fileRef = B700DC222B10F4A90094DDF3 /* DurationPicker.swift */; };
		B700DC252B10F5690094DDF3 /* DistanceSlider.swift in Sources */ = {isa = PBXBuildFile; fileRef = B700DC242B10F5690094DDF3 /* DistanceSlider.swift */; };
		B700DC272B11BE750094DDF3 /* TrendsView.swift in Sources */ = {isa = PBXBuildFile; fileRef = B700DC262B11BE750094DDF3 /* TrendsView.swift */; };
		B700DC292B11BE850094DDF3 /* RunView.swift in Sources */ = {isa = PBXBuildFile; fileRef = B700DC282B11BE850094DDF3 /* RunView.swift */; };
		B700DC2B2B11BE990094DDF3 /* LogView.swift in Sources */ = {isa = PBXBuildFile; fileRef = B700DC2A2B11BE990094DDF3 /* LogView.swift */; };
		B700DC312B122B610094DDF3 /* RunLogViewModel.swift in Sources */ = {isa = PBXBuildFile; fileRef = B700DC302B122B610094DDF3 /* RunLogViewModel.swift */; };
		B700DC332B1236210094DDF3 /* AddEditRunLogView.swift in Sources */ = {isa = PBXBuildFile; fileRef = B700DC322B1236210094DDF3 /* AddEditRunLogView.swift */; };
		B78347FF2B127F81006ACFE5 /* MockRunLogViewModel.swift in Sources */ = {isa = PBXBuildFile; fileRef = B78347FE2B127F81006ACFE5 /* MockRunLogViewModel.swift */; };
		B788424B2B1B766A006895EA /* PickerContent.swift in Sources */ = {isa = PBXBuildFile; fileRef = B788424A2B1B766A006895EA /* PickerContent.swift */; };
		B788424D2B1D6CB0006895EA /* RunDataViewModel.swift in Sources */ = {isa = PBXBuildFile; fileRef = B788424C2B1D6CB0006895EA /* RunDataViewModel.swift */; };
/* End PBXBuildFile section */

/* Begin PBXFileReference section */
		B700DBFE2B0D67F80094DDF3 /* Enduro.app */ = {isa = PBXFileReference; explicitFileType = wrapper.application; includeInIndex = 0; path = Enduro.app; sourceTree = BUILT_PRODUCTS_DIR; };
		B700DC012B0D67F80094DDF3 /* EnduroApp.swift */ = {isa = PBXFileReference; lastKnownFileType = sourcecode.swift; path = EnduroApp.swift; sourceTree = "<group>"; };
		B700DC032B0D67F80094DDF3 /* WelcomeView.swift */ = {isa = PBXFileReference; lastKnownFileType = sourcecode.swift; path = WelcomeView.swift; sourceTree = "<group>"; };
		B700DC052B0D67F90094DDF3 /* Assets.xcassets */ = {isa = PBXFileReference; lastKnownFileType = folder.assetcatalog; path = Assets.xcassets; sourceTree = "<group>"; };
		B700DC082B0D67F90094DDF3 /* Preview Assets.xcassets */ = {isa = PBXFileReference; lastKnownFileType = folder.assetcatalog; path = "Preview Assets.xcassets"; sourceTree = "<group>"; };
		B700DC0A2B0D67F90094DDF3 /* Persistence.swift */ = {isa = PBXFileReference; lastKnownFileType = sourcecode.swift; path = Persistence.swift; sourceTree = "<group>"; };
		B700DC0D2B0D67F90094DDF3 /* Enduro.xcdatamodel */ = {isa = PBXFileReference; lastKnownFileType = wrapper.xcdatamodel; path = Enduro.xcdatamodel; sourceTree = "<group>"; };
		B700DC142B0EFBD50094DDF3 /* UserPreference.swift */ = {isa = PBXFileReference; lastKnownFileType = sourcecode.swift; path = UserPreference.swift; sourceTree = "<group>"; };
		B700DC162B0EFC0F0094DDF3 /* UserDefaults.swift */ = {isa = PBXFileReference; lastKnownFileType = sourcecode.swift; path = UserDefaults.swift; sourceTree = "<group>"; };
		B700DC182B0EFCA70094DDF3 /* HomeView.swift */ = {isa = PBXFileReference; lastKnownFileType = sourcecode.swift; path = HomeView.swift; sourceTree = "<group>"; };
		B700DC1E2B0F1DED0094DDF3 /* GoalOptionButton.swift */ = {isa = PBXFileReference; lastKnownFileType = sourcecode.swift; path = GoalOptionButton.swift; sourceTree = "<group>"; };
		B700DC202B0F1ED20094DDF3 /* GoalSettingView.swift */ = {isa = PBXFileReference; lastKnownFileType = sourcecode.swift; path = GoalSettingView.swift; sourceTree = "<group>"; };
		B700DC222B10F4A90094DDF3 /* DurationPicker.swift */ = {isa = PBXFileReference; lastKnownFileType = sourcecode.swift; path = DurationPicker.swift; sourceTree = "<group>"; };
		B700DC242B10F5690094DDF3 /* DistanceSlider.swift */ = {isa = PBXFileReference; lastKnownFileType = sourcecode.swift; path = DistanceSlider.swift; sourceTree = "<group>"; };
		B700DC262B11BE750094DDF3 /* TrendsView.swift */ = {isa = PBXFileReference; lastKnownFileType = sourcecode.swift; path = TrendsView.swift; sourceTree = "<group>"; };
		B700DC282B11BE850094DDF3 /* RunView.swift */ = {isa = PBXFileReference; lastKnownFileType = sourcecode.swift; path = RunView.swift; sourceTree = "<group>"; };
		B700DC2A2B11BE990094DDF3 /* LogView.swift */ = {isa = PBXFileReference; lastKnownFileType = sourcecode.swift; path = LogView.swift; sourceTree = "<group>"; };
		B700DC302B122B610094DDF3 /* RunLogViewModel.swift */ = {isa = PBXFileReference; lastKnownFileType = sourcecode.swift; path = RunLogViewModel.swift; sourceTree = "<group>"; };
		B700DC322B1236210094DDF3 /* AddEditRunLogView.swift */ = {isa = PBXFileReference; lastKnownFileType = sourcecode.swift; path = AddEditRunLogView.swift; sourceTree = "<group>"; };
		B78347FE2B127F81006ACFE5 /* MockRunLogViewModel.swift */ = {isa = PBXFileReference; lastKnownFileType = sourcecode.swift; path = MockRunLogViewModel.swift; sourceTree = "<group>"; };
		B788424A2B1B766A006895EA /* PickerContent.swift */ = {isa = PBXFileReference; lastKnownFileType = sourcecode.swift; path = PickerContent.swift; sourceTree = "<group>"; };
		B788424C2B1D6CB0006895EA /* RunDataViewModel.swift */ = {isa = PBXFileReference; lastKnownFileType = sourcecode.swift; path = RunDataViewModel.swift; sourceTree = "<group>"; };
/* End PBXFileReference section */

/* Begin PBXFrameworksBuildPhase section */
		B700DBFB2B0D67F80094DDF3 /* Frameworks */ = {
			isa = PBXFrameworksBuildPhase;
			buildActionMask = 2147483647;
			files = (
			);
			runOnlyForDeploymentPostprocessing = 0;
		};
/* End PBXFrameworksBuildPhase section */

/* Begin PBXGroup section */
		B700DBF52B0D67F80094DDF3 = {
			isa = PBXGroup;
			children = (
				B700DC002B0D67F80094DDF3 /* Enduro */,
				B700DBFF2B0D67F80094DDF3 /* Products */,
			);
			sourceTree = "<group>";
		};
		B700DBFF2B0D67F80094DDF3 /* Products */ = {
			isa = PBXGroup;
			children = (
				B700DBFE2B0D67F80094DDF3 /* Enduro.app */,
			);
			name = Products;
			sourceTree = "<group>";
		};
		B700DC002B0D67F80094DDF3 /* Enduro */ = {
			isa = PBXGroup;
			children = (
				B700DC2F2B122AC10094DDF3 /* ViewModels */,
				B700DC1D2B0F1DC70094DDF3 /* Views */,
				B700DC1C2B0F1DAF0094DDF3 /* Models */,
				B700DC012B0D67F80094DDF3 /* EnduroApp.swift */,
				B700DC052B0D67F90094DDF3 /* Assets.xcassets */,
				B700DC0A2B0D67F90094DDF3 /* Persistence.swift */,
				B700DC0C2B0D67F90094DDF3 /* Enduro.xcdatamodeld */,
				B700DC072B0D67F90094DDF3 /* Preview Content */,
			);
			path = Enduro;
			sourceTree = "<group>";
		};
		B700DC072B0D67F90094DDF3 /* Preview Content */ = {
			isa = PBXGroup;
			children = (
				B700DC082B0D67F90094DDF3 /* Preview Assets.xcassets */,
			);
			path = "Preview Content";
			sourceTree = "<group>";
		};
		B700DC1C2B0F1DAF0094DDF3 /* Models */ = {
			isa = PBXGroup;
			children = (
				B700DC142B0EFBD50094DDF3 /* UserPreference.swift */,
				B700DC162B0EFC0F0094DDF3 /* UserDefaults.swift */,
			);
			path = Models;
			sourceTree = "<group>";
		};
		B700DC1D2B0F1DC70094DDF3 /* Views */ = {
			isa = PBXGroup;
			children = (
				B700DC2D2B122A260094DDF3 /* MainFlow */,
				B700DC2C2B1229EC0094DDF3 /* WelcomeFlow */,
				B700DC2E2B122A5A0094DDF3 /* SharedComponents */,
			);
			path = Views;
			sourceTree = "<group>";
		};
		B700DC2C2B1229EC0094DDF3 /* WelcomeFlow */ = {
			isa = PBXGroup;
			children = (
				B700DC032B0D67F80094DDF3 /* WelcomeView.swift */,
				B700DC202B0F1ED20094DDF3 /* GoalSettingView.swift */,
			);
			path = WelcomeFlow;
			sourceTree = "<group>";
		};
		B700DC2D2B122A260094DDF3 /* MainFlow */ = {
			isa = PBXGroup;
			children = (
				B700DC182B0EFCA70094DDF3 /* HomeView.swift */,
				B78347FD2B1249F0006ACFE5 /* Logs */,
				B700DC262B11BE750094DDF3 /* TrendsView.swift */,
				B700DC282B11BE850094DDF3 /* RunView.swift */,
			);
			path = MainFlow;
			sourceTree = "<group>";
		};
		B700DC2E2B122A5A0094DDF3 /* SharedComponents */ = {
			isa = PBXGroup;
			children = (
				B700DC1E2B0F1DED0094DDF3 /* GoalOptionButton.swift */,
				B700DC222B10F4A90094DDF3 /* DurationPicker.swift */,
				B700DC242B10F5690094DDF3 /* DistanceSlider.swift */,
				B78347FE2B127F81006ACFE5 /* MockRunLogViewModel.swift */,
				B788424A2B1B766A006895EA /* PickerContent.swift */,
			);
			path = SharedComponents;
			sourceTree = "<group>";
		};
		B700DC2F2B122AC10094DDF3 /* ViewModels */ = {
			isa = PBXGroup;
			children = (
				B700DC302B122B610094DDF3 /* RunLogViewModel.swift */,
				B788424C2B1D6CB0006895EA /* RunDataViewModel.swift */,
			);
			path = ViewModels;
			sourceTree = "<group>";
		};
		B78347FD2B1249F0006ACFE5 /* Logs */ = {
			isa = PBXGroup;
			children = (
				B700DC2A2B11BE990094DDF3 /* LogView.swift */,
				B700DC322B1236210094DDF3 /* AddEditRunLogView.swift */,
			);
			path = Logs;
			sourceTree = "<group>";
		};
/* End PBXGroup section */

/* Begin PBXNativeTarget section */
		B700DBFD2B0D67F80094DDF3 /* Enduro */ = {
			isa = PBXNativeTarget;
			buildConfigurationList = B700DC112B0D67F90094DDF3 /* Build configuration list for PBXNativeTarget "Enduro" */;
			buildPhases = (
				B700DBFA2B0D67F80094DDF3 /* Sources */,
				B700DBFB2B0D67F80094DDF3 /* Frameworks */,
				B700DBFC2B0D67F80094DDF3 /* Resources */,
			);
			buildRules = (
			);
			dependencies = (
			);
			name = Enduro;
			productName = Enduro;
			productReference = B700DBFE2B0D67F80094DDF3 /* Enduro.app */;
			productType = "com.apple.product-type.application";
		};
/* End PBXNativeTarget section */

/* Begin PBXProject section */
		B700DBF62B0D67F80094DDF3 /* Project object */ = {
			isa = PBXProject;
			attributes = {
				BuildIndependentTargetsInParallel = 1;
				LastSwiftUpdateCheck = 1430;
				LastUpgradeCheck = 1500;
				TargetAttributes = {
					B700DBFD2B0D67F80094DDF3 = {
						CreatedOnToolsVersion = 14.3.1;
					};
				};
			};
			buildConfigurationList = B700DBF92B0D67F80094DDF3 /* Build configuration list for PBXProject "Enduro" */;
			compatibilityVersion = "Xcode 14.0";
			developmentRegion = en;
			hasScannedForEncodings = 0;
			knownRegions = (
				en,
				Base,
			);
			mainGroup = B700DBF52B0D67F80094DDF3;
			productRefGroup = B700DBFF2B0D67F80094DDF3 /* Products */;
			projectDirPath = "";
			projectRoot = "";
			targets = (
				B700DBFD2B0D67F80094DDF3 /* Enduro */,
			);
		};
/* End PBXProject section */

/* Begin PBXResourcesBuildPhase section */
		B700DBFC2B0D67F80094DDF3 /* Resources */ = {
			isa = PBXResourcesBuildPhase;
			buildActionMask = 2147483647;
			files = (
				B700DC092B0D67F90094DDF3 /* Preview Assets.xcassets in Resources */,
				B700DC062B0D67F90094DDF3 /* Assets.xcassets in Resources */,
			);
			runOnlyForDeploymentPostprocessing = 0;
		};
/* End PBXResourcesBuildPhase section */

/* Begin PBXSourcesBuildPhase section */
		B700DBFA2B0D67F80094DDF3 /* Sources */ = {
			isa = PBXSourcesBuildPhase;
			buildActionMask = 2147483647;
			files = (
				B700DC0E2B0D67F90094DDF3 /* Enduro.xcdatamodeld in Sources */,
				B700DC212B0F1ED20094DDF3 /* GoalSettingView.swift in Sources */,
				B788424B2B1B766A006895EA /* PickerContent.swift in Sources */,
				B700DC1F2B0F1DED0094DDF3 /* GoalOptionButton.swift in Sources */,
				B788424D2B1D6CB0006895EA /* RunDataViewModel.swift in Sources */,
				B700DC312B122B610094DDF3 /* RunLogViewModel.swift in Sources */,
				B700DC292B11BE850094DDF3 /* RunView.swift in Sources */,
				B700DC192B0EFCA70094DDF3 /* HomeView.swift in Sources */,
				B700DC0B2B0D67F90094DDF3 /* Persistence.swift in Sources */,
				B700DC172B0EFC0F0094DDF3 /* UserDefaults.swift in Sources */,
				B700DC042B0D67F80094DDF3 /* WelcomeView.swift in Sources */,
				B700DC332B1236210094DDF3 /* AddEditRunLogView.swift in Sources */,
				B700DC232B10F4A90094DDF3 /* DurationPicker.swift in Sources */,
				B700DC272B11BE750094DDF3 /* TrendsView.swift in Sources */,
				B700DC252B10F5690094DDF3 /* DistanceSlider.swift in Sources */,
				B700DC152B0EFBD50094DDF3 /* UserPreference.swift in Sources */,
				B700DC022B0D67F80094DDF3 /* EnduroApp.swift in Sources */,
				B700DC2B2B11BE990094DDF3 /* LogView.swift in Sources */,
				B78347FF2B127F81006ACFE5 /* MockRunLogViewModel.swift in Sources */,
			);
			runOnlyForDeploymentPostprocessing = 0;
		};
/* End PBXSourcesBuildPhase section */

/* Begin XCBuildConfiguration section */
		B700DC0F2B0D67F90094DDF3 /* Debug */ = {
			isa = XCBuildConfiguration;
			buildSettings = {
				ALWAYS_SEARCH_USER_PATHS = NO;
				CLANG_ANALYZER_NONNULL = YES;
				CLANG_ANALYZER_NUMBER_OBJECT_CONVERSION = YES_AGGRESSIVE;
				CLANG_CXX_LANGUAGE_STANDARD = "gnu++20";
				CLANG_ENABLE_MODULES = YES;
				CLANG_ENABLE_OBJC_ARC = YES;
				CLANG_ENABLE_OBJC_WEAK = YES;
				CLANG_WARN_BLOCK_CAPTURE_AUTORELEASING = YES;
				CLANG_WARN_BOOL_CONVERSION = YES;
				CLANG_WARN_COMMA = YES;
				CLANG_WARN_CONSTANT_CONVERSION = YES;
				CLANG_WARN_DEPRECATED_OBJC_IMPLEMENTATIONS = YES;
				CLANG_WARN_DIRECT_OBJC_ISA_USAGE = YES_ERROR;
				CLANG_WARN_DOCUMENTATION_COMMENTS = YES;
				CLANG_WARN_EMPTY_BODY = YES;
				CLANG_WARN_ENUM_CONVERSION = YES;
				CLANG_WARN_INFINITE_RECURSION = YES;
				CLANG_WARN_INT_CONVERSION = YES;
				CLANG_WARN_NON_LITERAL_NULL_CONVERSION = YES;
				CLANG_WARN_OBJC_IMPLICIT_RETAIN_SELF = YES;
				CLANG_WARN_OBJC_LITERAL_CONVERSION = YES;
				CLANG_WARN_OBJC_ROOT_CLASS = YES_ERROR;
				CLANG_WARN_QUOTED_INCLUDE_IN_FRAMEWORK_HEADER = YES;
				CLANG_WARN_RANGE_LOOP_ANALYSIS = YES;
				CLANG_WARN_STRICT_PROTOTYPES = YES;
				CLANG_WARN_SUSPICIOUS_MOVE = YES;
				CLANG_WARN_UNGUARDED_AVAILABILITY = YES_AGGRESSIVE;
				CLANG_WARN_UNREACHABLE_CODE = YES;
				CLANG_WARN__DUPLICATE_METHOD_MATCH = YES;
				COPY_PHASE_STRIP = NO;
				DEBUG_INFORMATION_FORMAT = dwarf;
				ENABLE_STRICT_OBJC_MSGSEND = YES;
				ENABLE_TESTABILITY = YES;
				ENABLE_USER_SCRIPT_SANDBOXING = YES;
				GCC_C_LANGUAGE_STANDARD = gnu11;
				GCC_DYNAMIC_NO_PIC = NO;
				GCC_NO_COMMON_BLOCKS = YES;
				GCC_OPTIMIZATION_LEVEL = 0;
				GCC_PREPROCESSOR_DEFINITIONS = (
					"DEBUG=1",
					"$(inherited)",
				);
				GCC_WARN_64_TO_32_BIT_CONVERSION = YES;
				GCC_WARN_ABOUT_RETURN_TYPE = YES_ERROR;
				GCC_WARN_UNDECLARED_SELECTOR = YES;
				GCC_WARN_UNINITIALIZED_AUTOS = YES_AGGRESSIVE;
				GCC_WARN_UNUSED_FUNCTION = YES;
				GCC_WARN_UNUSED_VARIABLE = YES;
				IPHONEOS_DEPLOYMENT_TARGET = 17.0;
				MTL_ENABLE_DEBUG_INFO = INCLUDE_SOURCE;
				MTL_FAST_MATH = YES;
				ONLY_ACTIVE_ARCH = YES;
				SDKROOT = iphoneos;
				SWIFT_ACTIVE_COMPILATION_CONDITIONS = DEBUG;
				SWIFT_OPTIMIZATION_LEVEL = "-Onone";
			};
			name = Debug;
		};
		B700DC102B0D67F90094DDF3 /* Release */ = {
			isa = XCBuildConfiguration;
			buildSettings = {
				ALWAYS_SEARCH_USER_PATHS = NO;
				CLANG_ANALYZER_NONNULL = YES;
				CLANG_ANALYZER_NUMBER_OBJECT_CONVERSION = YES_AGGRESSIVE;
				CLANG_CXX_LANGUAGE_STANDARD = "gnu++20";
				CLANG_ENABLE_MODULES = YES;
				CLANG_ENABLE_OBJC_ARC = YES;
				CLANG_ENABLE_OBJC_WEAK = YES;
				CLANG_WARN_BLOCK_CAPTURE_AUTORELEASING = YES;
				CLANG_WARN_BOOL_CONVERSION = YES;
				CLANG_WARN_COMMA = YES;
				CLANG_WARN_CONSTANT_CONVERSION = YES;
				CLANG_WARN_DEPRECATED_OBJC_IMPLEMENTATIONS = YES;
				CLANG_WARN_DIRECT_OBJC_ISA_USAGE = YES_ERROR;
				CLANG_WARN_DOCUMENTATION_COMMENTS = YES;
				CLANG_WARN_EMPTY_BODY = YES;
				CLANG_WARN_ENUM_CONVERSION = YES;
				CLANG_WARN_INFINITE_RECURSION = YES;
				CLANG_WARN_INT_CONVERSION = YES;
				CLANG_WARN_NON_LITERAL_NULL_CONVERSION = YES;
				CLANG_WARN_OBJC_IMPLICIT_RETAIN_SELF = YES;
				CLANG_WARN_OBJC_LITERAL_CONVERSION = YES;
				CLANG_WARN_OBJC_ROOT_CLASS = YES_ERROR;
				CLANG_WARN_QUOTED_INCLUDE_IN_FRAMEWORK_HEADER = YES;
				CLANG_WARN_RANGE_LOOP_ANALYSIS = YES;
				CLANG_WARN_STRICT_PROTOTYPES = YES;
				CLANG_WARN_SUSPICIOUS_MOVE = YES;
				CLANG_WARN_UNGUARDED_AVAILABILITY = YES_AGGRESSIVE;
				CLANG_WARN_UNREACHABLE_CODE = YES;
				CLANG_WARN__DUPLICATE_METHOD_MATCH = YES;
				COPY_PHASE_STRIP = NO;
				DEBUG_INFORMATION_FORMAT = "dwarf-with-dsym";
				ENABLE_NS_ASSERTIONS = NO;
				ENABLE_STRICT_OBJC_MSGSEND = YES;
				ENABLE_USER_SCRIPT_SANDBOXING = YES;
				GCC_C_LANGUAGE_STANDARD = gnu11;
				GCC_NO_COMMON_BLOCKS = YES;
				GCC_WARN_64_TO_32_BIT_CONVERSION = YES;
				GCC_WARN_ABOUT_RETURN_TYPE = YES_ERROR;
				GCC_WARN_UNDECLARED_SELECTOR = YES;
				GCC_WARN_UNINITIALIZED_AUTOS = YES_AGGRESSIVE;
				GCC_WARN_UNUSED_FUNCTION = YES;
				GCC_WARN_UNUSED_VARIABLE = YES;
				IPHONEOS_DEPLOYMENT_TARGET = 17.0;
				MTL_ENABLE_DEBUG_INFO = NO;
				MTL_FAST_MATH = YES;
				SDKROOT = iphoneos;
				SWIFT_COMPILATION_MODE = wholemodule;
				SWIFT_OPTIMIZATION_LEVEL = "-O";
				VALIDATE_PRODUCT = YES;
			};
			name = Release;
		};
		B700DC122B0D67F90094DDF3 /* Debug */ = {
			isa = XCBuildConfiguration;
			buildSettings = {
				ASSETCATALOG_COMPILER_APPICON_NAME = AppIcon;
				ASSETCATALOG_COMPILER_GLOBAL_ACCENT_COLOR_NAME = AccentColor;
				CODE_SIGN_STYLE = Automatic;
				CURRENT_PROJECT_VERSION = 1;
				DEVELOPMENT_ASSET_PATHS = "\"Enduro/Preview Content\"";
				DEVELOPMENT_TEAM = AHXBSW8F9J;
				ENABLE_PREVIEWS = YES;
				GENERATE_INFOPLIST_FILE = YES;
				INFOPLIST_KEY_UIApplicationSceneManifest_Generation = YES;
				INFOPLIST_KEY_UIApplicationSupportsIndirectInputEvents = YES;
				INFOPLIST_KEY_UILaunchScreen_Generation = YES;
				INFOPLIST_KEY_UISupportedInterfaceOrientations_iPad = "UIInterfaceOrientationPortrait UIInterfaceOrientationPortraitUpsideDown UIInterfaceOrientationLandscapeLeft UIInterfaceOrientationLandscapeRight";
				INFOPLIST_KEY_UISupportedInterfaceOrientations_iPhone = "UIInterfaceOrientationPortrait UIInterfaceOrientationLandscapeLeft UIInterfaceOrientationLandscapeRight";
				LD_RUNPATH_SEARCH_PATHS = (
					"$(inherited)",
					"@executable_path/Frameworks",
				);
				MARKETING_VERSION = 1.0;
				PRODUCT_BUNDLE_IDENTIFIER = SarjuThakkar.Enduro;
				PRODUCT_NAME = "$(TARGET_NAME)";
				SWIFT_EMIT_LOC_STRINGS = YES;
				SWIFT_VERSION = 5.0;
				TARGETED_DEVICE_FAMILY = "1,2";
			};
			name = Debug;
		};
		B700DC132B0D67F90094DDF3 /* Release */ = {
			isa = XCBuildConfiguration;
			buildSettings = {
				ASSETCATALOG_COMPILER_APPICON_NAME = AppIcon;
				ASSETCATALOG_COMPILER_GLOBAL_ACCENT_COLOR_NAME = AccentColor;
				CODE_SIGN_STYLE = Automatic;
				CURRENT_PROJECT_VERSION = 1;
				DEVELOPMENT_ASSET_PATHS = "\"Enduro/Preview Content\"";
				DEVELOPMENT_TEAM = AHXBSW8F9J;
				ENABLE_PREVIEWS = YES;
				GENERATE_INFOPLIST_FILE = YES;
				INFOPLIST_KEY_UIApplicationSceneManifest_Generation = YES;
				INFOPLIST_KEY_UIApplicationSupportsIndirectInputEvents = YES;
				INFOPLIST_KEY_UILaunchScreen_Generation = YES;
				INFOPLIST_KEY_UISupportedInterfaceOrientations_iPad = "UIInterfaceOrientationPortrait UIInterfaceOrientationPortraitUpsideDown UIInterfaceOrientationLandscapeLeft UIInterfaceOrientationLandscapeRight";
				INFOPLIST_KEY_UISupportedInterfaceOrientations_iPhone = "UIInterfaceOrientationPortrait UIInterfaceOrientationLandscapeLeft UIInterfaceOrientationLandscapeRight";
				LD_RUNPATH_SEARCH_PATHS = (
					"$(inherited)",
					"@executable_path/Frameworks",
				);
				MARKETING_VERSION = 1.0;
				PRODUCT_BUNDLE_IDENTIFIER = SarjuThakkar.Enduro;
				PRODUCT_NAME = "$(TARGET_NAME)";
				SWIFT_EMIT_LOC_STRINGS = YES;
				SWIFT_VERSION = 5.0;
				TARGETED_DEVICE_FAMILY = "1,2";
			};
			name = Release;
		};
/* End XCBuildConfiguration section */

/* Begin XCConfigurationList section */
		B700DBF92B0D67F80094DDF3 /* Build configuration list for PBXProject "Enduro" */ = {
			isa = XCConfigurationList;
			buildConfigurations = (
				B700DC0F2B0D67F90094DDF3 /* Debug */,
				B700DC102B0D67F90094DDF3 /* Release */,
			);
			defaultConfigurationIsVisible = 0;
			defaultConfigurationName = Release;
		};
		B700DC112B0D67F90094DDF3 /* Build configuration list for PBXNativeTarget "Enduro" */ = {
			isa = XCConfigurationList;
			buildConfigurations = (
				B700DC122B0D67F90094DDF3 /* Debug */,
				B700DC132B0D67F90094DDF3 /* Release */,
			);
			defaultConfigurationIsVisible = 0;
			defaultConfigurationName = Release;
		};
/* End XCConfigurationList section */

/* Begin XCVersionGroup section */
		B700DC0C2B0D67F90094DDF3 /* Enduro.xcdatamodeld */ = {
			isa = XCVersionGroup;
			children = (
				B700DC0D2B0D67F90094DDF3 /* Enduro.xcdatamodel */,
			);
			currentVersion = B700DC0D2B0D67F90094DDF3 /* Enduro.xcdatamodel */;
			path = Enduro.xcdatamodeld;
			sourceTree = "<group>";
			versionGroupType = wrapper.xcdatamodel;
		};
/* End XCVersionGroup section */
	};
	rootObject = B700DBF62B0D67F80094DDF3 /* Project object */;
}
